
Microsoft Visual Studio Solution File, Format Version 12.00
# Visual Studio Version 17
VisualStudioVersion = 17.8.34511.84
MinimumVisualStudioVersion = 10.0.40219.1
Project("{FAE04EC0-301F-11D3-BF4B-00C04F79EFBC}") = "Aula2405", "Aula2405.csproj", "{34F00734-650F-4EA3-9532-7E42577A7405}"
EndProject
Global
	GlobalSection(SolutionConfigurationPlatforms) = preSolution
		Debug|Any CPU = Debug|Any CPU
		Release|Any CPU = Release|Any CPU
	EndGlobalSection
	GlobalSection(ProjectConfigurationPlatforms) = postSolution
		{34F00734-650F-4EA3-9532-7E42577A7405}.Debug|Any CPU.ActiveCfg = Debug|Any CPU
		{34F00734-650F-4EA3-9532-7E42577A7405}.Debug|Any CPU.Build.0 = Debug|Any CPU
		{34F00734-650F-4EA3-9532-7E42577A7405}.Release|Any CPU.ActiveCfg = Release|Any CPU
		{34F00734-650F-4EA3-9532-7E42577A7405}.Release|Any CPU.Build.0 = Release|Any CPU
	EndGlobalSection
	GlobalSection(SolutionProperties) = preSolution
		HideSolutionNode = FALSE
	EndGlobalSection
	GlobalSection(ExtensibilityGlobals) = postSolution
		SolutionGuid = {46A13564-F54C-4A12-8C56-D63E5DB6AEF9}
	EndGlobalSection
EndGlobal
